{
  "requires": true,
  "lockfileVersion": 1,
  "dependencies": {
    "jquery": {
      "version": "1.12.4",
      "resolved": "https://registry.npmjs.org/jquery/-/jquery-1.12.4.tgz",
      "integrity": "sha1-AeHfuikP5z3rp3zurLD5ui/sngw="
    },
    "tui-calendar": {
      "version": "1.2.3",
      "resolved": "https://registry.npmjs.org/tui-calendar/-/tui-calendar-1.2.3.tgz",
      "integrity": "sha512-olnxduUtUESWTKlQoscgLESlzgpXywlyq6a24IT/963La6viK2fAcy/69gmhXE3CR4rdw4GsK4W2lnAXFmh6Eg==",
      "requires": {
        "tui-code-snippet": "1.4.0",
        "tui-date-picker": "3.0.0",
        "tui-time-picker": "1.4.0"
      }
    },
    "tui-code-snippet": {
      "version": "1.4.0",
      "resolved": "https://registry.npmjs.org/tui-code-snippet/-/tui-code-snippet-1.4.0.tgz",
      "integrity": "sha512-a7XzHRbRDi6Tt4lGcopq6ctQjVrzmnw9JMoTFqur5gczgtw5tmgUqXHjg8D9IonDkzZNq5gYLhkzykx4fmn+GA=="
    },
    "tui-date-picker": {
      "version": "3.0.0",
      "resolved": "https://registry.npmjs.org/tui-date-picker/-/tui-date-picker-3.0.0.tgz",
      "integrity": "sha1-nNL5jL+4iG6F8Fi+gizgHK4moWM=",
      "requires": {
        "jquery": "1.12.4",
        "tui-code-snippet": "1.4.0",
        "tui-time-picker": "1.4.0"
      }
    },
    "tui-time-picker": {
      "version": "1.4.0",
      "resolved": "https://registry.npmjs.org/tui-time-picker/-/tui-time-picker-1.4.0.tgz",
      "integrity": "sha512-Zf9+R0yKj2EP+VgG3loyqu8COndswDttOGlyKDIkejc88AHw6OGNTQK/bfAGpmgSLKm2rWrv3BNvMCnZE3leNA==",
      "requires": {
        "jquery": "1.12.4",
        "tui-code-snippet": "1.4.0"
      }
    }
  }
}
